
Microsoft Visual Studio Solution File, Format Version 12.00
# Visual Studio Version 17
VisualStudioVersion = 17.4.33122.133
MinimumVisualStudioVersion = 10.0.40219.1
Project("{FAE04EC0-301F-11D3-BF4B-00C04F79EFBC}") = "Skilfactory_3.3.2", "Skilfactory_3.3.2\Skilfactory_3.3.2.csproj", "{32AB5D2E-EE2D-4111-B4FB-31F1DAEE080C}"
EndProject
Global
	GlobalSection(SolutionConfigurationPlatforms) = preSolution
		Debug|Any CPU = Debug|Any CPU
		Release|Any CPU = Release|Any CPU
	EndGlobalSection
	GlobalSection(ProjectConfigurationPlatforms) = postSolution
		{32AB5D2E-EE2D-4111-B4FB-31F1DAEE080C}.Debug|Any CPU.ActiveCfg = Debug|Any CPU
		{32AB5D2E-EE2D-4111-B4FB-31F1DAEE080C}.Debug|Any CPU.Build.0 = Debug|Any CPU
		{32AB5D2E-EE2D-4111-B4FB-31F1DAEE080C}.Release|Any CPU.ActiveCfg = Release|Any CPU
		{32AB5D2E-EE2D-4111-B4FB-31F1DAEE080C}.Release|Any CPU.Build.0 = Release|Any CPU
	EndGlobalSection
	GlobalSection(SolutionProperties) = preSolution
		HideSolutionNode = FALSE
	EndGlobalSection
	GlobalSection(ExtensibilityGlobals) = postSolution
		SolutionGuid = {7A84B050-C664-4B43-8DBC-7AD9C95D3F63}
	EndGlobalSection
EndGlobal
